
Microsoft Visual Studio Solution File, Format Version 12.00
# Visual Studio Version 17
VisualStudioVersion = 17.1.31911.260
MinimumVisualStudioVersion = 10.0.40219.1
Project("{9A19103F-16F7-4668-BE54-9A1E7A4F7556}") = "BlazorHybridWpf", "BlazorHybridWpf\BlazorHybridWpf.csproj", "{E6D98DDA-51B7-4143-B3CE-AE21A0B5808D}"
EndProject
Project("{FAE04EC0-301F-11D3-BF4B-00C04F79EFBC}") = "RazorClassLibrary1", "RazorClassLibrary1\RazorClassLibrary1.csproj", "{A3EA152D-864F-418D-BCF3-F540831B411A}"
EndProject
Global
	GlobalSection(SolutionConfigurationPlatforms) = preSolution
		Debug|Any CPU = Debug|Any CPU
		Release|Any CPU = Release|Any CPU
	EndGlobalSection
	GlobalSection(ProjectConfigurationPlatforms) = postSolution
		{E6D98DDA-51B7-4143-B3CE-AE21A0B5808D}.Debug|Any CPU.ActiveCfg = Debug|Any CPU
		{E6D98DDA-51B7-4143-B3CE-AE21A0B5808D}.Debug|Any CPU.Build.0 = Debug|Any CPU
		{E6D98DDA-51B7-4143-B3CE-AE21A0B5808D}.Release|Any CPU.ActiveCfg = Release|Any CPU
		{E6D98DDA-51B7-4143-B3CE-AE21A0B5808D}.Release|Any CPU.Build.0 = Release|Any CPU
		{A3EA152D-864F-418D-BCF3-F540831B411A}.Debug|Any CPU.ActiveCfg = Debug|Any CPU
		{A3EA152D-864F-418D-BCF3-F540831B411A}.Debug|Any CPU.Build.0 = Debug|Any CPU
		{A3EA152D-864F-418D-BCF3-F540831B411A}.Release|Any CPU.ActiveCfg = Release|Any CPU
		{A3EA152D-864F-418D-BCF3-F540831B411A}.Release|Any CPU.Build.0 = Release|Any CPU
	EndGlobalSection
	GlobalSection(SolutionProperties) = preSolution
		HideSolutionNode = FALSE
	EndGlobalSection
	GlobalSection(ExtensibilityGlobals) = postSolution
		SolutionGuid = {958FBB5D-8088-4F55-A27A-53F6250AD0CC}
	EndGlobalSection
EndGlobal
